
Microsoft Visual Studio Solution File, Format Version 12.00
# Visual Studio Version 17
VisualStudioVersion = 17.5.33414.496
MinimumVisualStudioVersion = 10.0.40219.1
Project("{FAE04EC0-301F-11D3-BF4B-00C04F79EFBC}") = "ConsoleApp1", "ConsoleApp1\ConsoleApp1.csproj", "{BD7E1852-4C4B-4E81-93AB-BBA1BBC4D6A0}"
EndProject
Project("{FAE04EC0-301F-11D3-BF4B-00C04F79EFBC}") = "ConsoleApp2", "ConsoleApp2\ConsoleApp2.csproj", "{7F8253C7-64CB-4017-84CA-C592FD9D4947}"
EndProject
Project("{FAE04EC0-301F-11D3-BF4B-00C04F79EFBC}") = "ConsoleApp3", "ConsoleApp3\ConsoleApp3.csproj", "{42C2D19A-84DA-4D1E-8ACA-FBBB453C0E29}"
EndProject
Global
	GlobalSection(SolutionConfigurationPlatforms) = preSolution
		Debug|Any CPU = Debug|Any CPU
		Release|Any CPU = Release|Any CPU
	EndGlobalSection
	GlobalSection(ProjectConfigurationPlatforms) = postSolution
		{BD7E1852-4C4B-4E81-93AB-BBA1BBC4D6A0}.Debug|Any CPU.ActiveCfg = Debug|Any CPU
		{BD7E1852-4C4B-4E81-93AB-BBA1BBC4D6A0}.Debug|Any CPU.Build.0 = Debug|Any CPU
		{BD7E1852-4C4B-4E81-93AB-BBA1BBC4D6A0}.Release|Any CPU.ActiveCfg = Release|Any CPU
		{BD7E1852-4C4B-4E81-93AB-BBA1BBC4D6A0}.Release|Any CPU.Build.0 = Release|Any CPU
		{7F8253C7-64CB-4017-84CA-C592FD9D4947}.Debug|Any CPU.ActiveCfg = Debug|Any CPU
		{7F8253C7-64CB-4017-84CA-C592FD9D4947}.Debug|Any CPU.Build.0 = Debug|Any CPU
		{7F8253C7-64CB-4017-84CA-C592FD9D4947}.Release|Any CPU.ActiveCfg = Release|Any CPU
		{7F8253C7-64CB-4017-84CA-C592FD9D4947}.Release|Any CPU.Build.0 = Release|Any CPU
		{42C2D19A-84DA-4D1E-8ACA-FBBB453C0E29}.Debug|Any CPU.ActiveCfg = Debug|Any CPU
		{42C2D19A-84DA-4D1E-8ACA-FBBB453C0E29}.Debug|Any CPU.Build.0 = Debug|Any CPU
		{42C2D19A-84DA-4D1E-8ACA-FBBB453C0E29}.Release|Any CPU.ActiveCfg = Release|Any CPU
		{42C2D19A-84DA-4D1E-8ACA-FBBB453C0E29}.Release|Any CPU.Build.0 = Release|Any CPU
	EndGlobalSection
	GlobalSection(SolutionProperties) = preSolution
		HideSolutionNode = FALSE
	EndGlobalSection
	GlobalSection(ExtensibilityGlobals) = postSolution
		SolutionGuid = {7ACB84DD-FDCA-4488-9DB6-E89FFB272E55}
	EndGlobalSection
EndGlobal
